
Microsoft Visual Studio Solution File, Format Version 12.00
# Visual Studio 15
VisualStudioVersion = 15.0.27703.2048
MinimumVisualStudioVersion = 10.0.40219.1
Project("{FAE04EC0-301F-11D3-BF4B-00C04F79EFBC}") = "MyCompanyApp", "MyCompanyApp.csproj", "{D971B3AD-5542-4E0A-8185-6C70BD8081FD}"
EndProject
Global
	GlobalSection(SolutionConfigurationPlatforms) = preSolution
		Debug|Any CPU = Debug|Any CPU
		Release|Any CPU = Release|Any CPU
	EndGlobalSection
	GlobalSection(ProjectConfigurationPlatforms) = postSolution
		{D971B3AD-5542-4E0A-8185-6C70BD8081FD}.Debug|Any CPU.ActiveCfg = Debug|Any CPU
		{D971B3AD-5542-4E0A-8185-6C70BD8081FD}.Debug|Any CPU.Build.0 = Debug|Any CPU
		{D971B3AD-5542-4E0A-8185-6C70BD8081FD}.Release|Any CPU.ActiveCfg = Release|Any CPU
		{D971B3AD-5542-4E0A-8185-6C70BD8081FD}.Release|Any CPU.Build.0 = Release|Any CPU
	EndGlobalSection
	GlobalSection(SolutionProperties) = preSolution
		HideSolutionNode = FALSE
	EndGlobalSection
	GlobalSection(ExtensibilityGlobals) = postSolution
		SolutionGuid = {2144D273-C611-4BE7-94DE-C928B6FC84C5}
	EndGlobalSection
EndGlobal
